// !$*UTF8*$!
{
	archiveVersion = 1;
	classes = {
	};
	objectVersion = 56;
	objects = {

/* Begin PBXBuildFile section */
		DBAFC9772B28622700E4A39A /* AppDelegate.swift in Sources */ = {isa = PBXBuildFile; fileRef = DBAFC9762B28622700E4A39A /* AppDelegate.swift */; };
		DBAFC9792B28622700E4A39A /* SceneDelegate.swift in Sources */ = {isa = PBXBuildFile; fileRef = DBAFC9782B28622700E4A39A /* SceneDelegate.swift */; };
		DBAFC97B2B28622700E4A39A /* ViewController.swift in Sources */ = {isa = PBXBuildFile; fileRef = DBAFC97A2B28622700E4A39A /* ViewController.swift */; };
		DBAFC97E2B28622700E4A39A /* Main.storyboard in Resources */ = {isa = PBXBuildFile; fileRef = DBAFC97C2B28622700E4A39A /* Main.storyboard */; };
		DBAFC9802B28622800E4A39A /* Assets.xcassets in Resources */ = {isa = PBXBuildFile; fileRef = DBAFC97F2B28622800E4A39A /* Assets.xcassets */; };
		DBAFC9832B28622800E4A39A /* LaunchScreen.storyboard in Resources */ = {isa = PBXBuildFile; fileRef = DBAFC9812B28622800E4A39A /* LaunchScreen.storyboard */; };
		DBAFC98E2B28622800E4A39A /* CounterTests.swift in Sources */ = {isa = PBXBuildFile; fileRef = DBAFC98D2B28622800E4A39A /* CounterTests.swift */; };
		DBAFC9982B28622800E4A39A /* CounterUITests.swift in Sources */ = {isa = PBXBuildFile; fileRef = DBAFC9972B28622800E4A39A /* CounterUITests.swift */; };
		DBAFC99A2B28622800E4A39A /* CounterUITestsLaunchTests.swift in Sources */ = {isa = PBXBuildFile; fileRef = DBAFC9992B28622800E4A39A /* CounterUITestsLaunchTests.swift */; };
/* End PBXBuildFile section */

/* Begin PBXContainerItemProxy section */
		DBAFC98A2B28622800E4A39A /* PBXContainerItemProxy */ = {
			isa = PBXContainerItemProxy;
			containerPortal = DBAFC96B2B28622700E4A39A /* Project object */;
			proxyType = 1;
			remoteGlobalIDString = DBAFC9722B28622700E4A39A;
			remoteInfo = Counter;
		};
		DBAFC9942B28622800E4A39A /* PBXContainerItemProxy */ = {
			isa = PBXContainerItemProxy;
			containerPortal = DBAFC96B2B28622700E4A39A /* Project object */;
			proxyType = 1;
			remoteGlobalIDString = DBAFC9722B28622700E4A39A;
			remoteInfo = Counter;
		};
/* End PBXContainerItemProxy section */

/* Begin PBXFileReference section */
		DBAFC9732B28622700E4A39A /* Counter.app */ = {isa = PBXFileReference; explicitFileType = wrapper.application; includeInIndex = 0; path = Counter.app; sourceTree = BUILT_PRODUCTS_DIR; };
		DBAFC9762B28622700E4A39A /* AppDelegate.swift */ = {isa = PBXFileReference; lastKnownFileType = sourcecode.swift; path = AppDelegate.swift; sourceTree = "<group>"; };
		DBAFC9782B28622700E4A39A /* SceneDelegate.swift */ = {isa = PBXFileReference; lastKnownFileType = sourcecode.swift; path = SceneDelegate.swift; sourceTree = "<group>"; };
		DBAFC97A2B28622700E4A39A /* ViewController.swift */ = {isa = PBXFileReference; lastKnownFileType = sourcecode.swift; path = ViewController.swift; sourceTree = "<group>"; };
		DBAFC97D2B28622700E4A39A /* Base */ = {isa = PBXFileReference; lastKnownFileType = file.storyboard; name = Base; path = Base.lproj/Main.storyboard; sourceTree = "<group>"; };
		DBAFC97F2B28622800E4A39A /* Assets.xcassets */ = {isa = PBXFileReference; lastKnownFileType = folder.assetcatalog; path = Assets.xcassets; sourceTree = "<group>"; };
		DBAFC9822B28622800E4A39A /* Base */ = {isa = PBXFileReference; lastKnownFileType = file.storyboard; name = Base; path = Base.lproj/LaunchScreen.storyboard; sourceTree = "<group>"; };
		DBAFC9842B28622800E4A39A /* Info.plist */ = {isa = PBXFileReference; lastKnownFileType = text.plist.xml; path = Info.plist; sourceTree = "<group>"; };
		DBAFC9892B28622800E4A39A /* CounterTests.xctest */ = {isa = PBXFileReference; explicitFileType = wrapper.cfbundle; includeInIndex = 0; path = CounterTests.xctest; sourceTree = BUILT_PRODUCTS_DIR; };
		DBAFC98D2B28622800E4A39A /* CounterTests.swift */ = {isa = PBXFileReference; lastKnownFileType = sourcecode.swift; path = CounterTests.swift; sourceTree = "<group>"; };
		DBAFC9932B28622800E4A39A /* CounterUITests.xctest */ = {isa = PBXFileReference; explicitFileType = wrapper.cfbundle; includeInIndex = 0; path = CounterUITests.xctest; sourceTree = BUILT_PRODUCTS_DIR; };
		DBAFC9972B28622800E4A39A /* CounterUITests.swift */ = {isa = PBXFileReference; lastKnownFileType = sourcecode.swift; path = CounterUITests.swift; sourceTree = "<group>"; };
		DBAFC9992B28622800E4A39A /* CounterUITestsLaunchTests.swift */ = {isa = PBXFileReference; lastKnownFileType = sourcecode.swift; path = CounterUITestsLaunchTests.swift; sourceTree = "<group>"; };
/* End PBXFileReference section */

/* Begin PBXFrameworksBuildPhase section */
		DBAFC9702B28622700E4A39A /* Frameworks */ = {
			isa = PBXFrameworksBuildPhase;
			buildActionMask = 2147483647;
			files = (
			);
			runOnlyForDeploymentPostprocessing = 0;
		};
		DBAFC9862B28622800E4A39A /* Frameworks */ = {
			isa = PBXFrameworksBuildPhase;
			buildActionMask = 2147483647;
			files = (
			);
			runOnlyForDeploymentPostprocessing = 0;
		};
		DBAFC9902B28622800E4A39A /* Frameworks */ = {
			isa = PBXFrameworksBuildPhase;
			buildActionMask = 2147483647;
			files = (
			);
			runOnlyForDeploymentPostprocessing = 0;
		};
/* End PBXFrameworksBuildPhase section */

/* Begin PBXGroup section */
		DBAFC96A2B28622700E4A39A = {
			isa = PBXGroup;
			children = (
				DBAFC9752B28622700E4A39A /* Counter */,
				DBAFC98C2B28622800E4A39A /* CounterTests */,
				DBAFC9962B28622800E4A39A /* CounterUITests */,
				DBAFC9742B28622700E4A39A /* Products */,
			);
			sourceTree = "<group>";
		};
		DBAFC9742B28622700E4A39A /* Products */ = {
			isa = PBXGroup;
			children = (
				DBAFC9732B28622700E4A39A /* Counter.app */,
				DBAFC9892B28622800E4A39A /* CounterTests.xctest */,
				DBAFC9932B28622800E4A39A /* CounterUITests.xctest */,
			);
			name = Products;
			sourceTree = "<group>";
		};
		DBAFC9752B28622700E4A39A /* Counter */ = {
			isa = PBXGroup;
			children = (
				DBAFC9762B28622700E4A39A /* AppDelegate.swift */,
				DBAFC9782B28622700E4A39A /* SceneDelegate.swift */,
				DBAFC97A2B28622700E4A39A /* ViewController.swift */,
				DBAFC97C2B28622700E4A39A /* Main.storyboard */,
				DBAFC97F2B28622800E4A39A /* Assets.xcassets */,
				DBAFC9812B28622800E4A39A /* LaunchScreen.storyboard */,
				DBAFC9842B28622800E4A39A /* Info.plist */,
			);
			path = Counter;
			sourceTree = "<group>";
		};
		DBAFC98C2B28622800E4A39A /* CounterTests */ = {
			isa = PBXGroup;
			children = (
				DBAFC98D2B28622800E4A39A /* CounterTests.swift */,
			);
			path = CounterTests;
			sourceTree = "<group>";
		};
		DBAFC9962B28622800E4A39A /* CounterUITests */ = {
			isa = PBXGroup;
			children = (
				DBAFC9972B28622800E4A39A /* CounterUITests.swift */,
				DBAFC9992B28622800E4A39A /* CounterUITestsLaunchTests.swift */,
			);
			path = CounterUITests;
			sourceTree = "<group>";
		};
/* End PBXGroup section */

/* Begin PBXNativeTarget section */
		DBAFC9722B28622700E4A39A /* Counter */ = {
			isa = PBXNativeTarget;
			buildConfigurationList = DBAFC99D2B28622800E4A39A /* Build configuration list for PBXNativeTarget "Counter" */;
			buildPhases = (
				DBAFC96F2B28622700E4A39A /* Sources */,
				DBAFC9702B28622700E4A39A /* Frameworks */,
				DBAFC9712B28622700E4A39A /* Resources */,
			);
			buildRules = (
			);
			dependencies = (
			);
			name = Counter;
			productName = Counter;
			productReference = DBAFC9732B28622700E4A39A /* Counter.app */;
			productType = "com.apple.product-type.application";
		};
		DBAFC9882B28622800E4A39A /* CounterTests */ = {
			isa = PBXNativeTarget;
			buildConfigurationList = DBAFC9A02B28622800E4A39A /* Build configuration list for PBXNativeTarget "CounterTests" */;
			buildPhases = (
				DBAFC9852B28622800E4A39A /* Sources */,
				DBAFC9862B28622800E4A39A /* Frameworks */,
				DBAFC9872B28622800E4A39A /* Resources */,
			);
			buildRules = (
			);
			dependencies = (
				DBAFC98B2B28622800E4A39A /* PBXTargetDependency */,
			);
			name = CounterTests;
			productName = CounterTests;
			productReference = DBAFC9892B28622800E4A39A /* CounterTests.xctest */;
			productType = "com.apple.product-type.bundle.unit-test";
		};
		DBAFC9922B28622800E4A39A /* CounterUITests */ = {
			isa = PBXNativeTarget;
			buildConfigurationList = DBAFC9A32B28622800E4A39A /* Build configuration list for PBXNativeTarget "CounterUITests" */;
			buildPhases = (
				DBAFC98F2B28622800E4A39A /* Sources */,
				DBAFC9902B28622800E4A39A /* Frameworks */,
				DBAFC9912B28622800E4A39A /* Resources */,
			);
			buildRules = (
			);
			dependencies = (
				DBAFC9952B28622800E4A39A /* PBXTargetDependency */,
			);
			name = CounterUITests;
			productName = CounterUITests;
			productReference = DBAFC9932B28622800E4A39A /* CounterUITests.xctest */;
			productType = "com.apple.product-type.bundle.ui-testing";
		};
/* End PBXNativeTarget section */

/* Begin PBXProject section */
		DBAFC96B2B28622700E4A39A /* Project object */ = {
			isa = PBXProject;
			attributes = {
				BuildIndependentTargetsInParallel = 1;
				LastSwiftUpdateCheck = 1500;
				LastUpgradeCheck = 1500;
				TargetAttributes = {
					DBAFC9722B28622700E4A39A = {
						CreatedOnToolsVersion = 15.0.1;
					};
					DBAFC9882B28622800E4A39A = {
						CreatedOnToolsVersion = 15.0.1;
						TestTargetID = DBAFC9722B28622700E4A39A;
					};
					DBAFC9922B28622800E4A39A = {
						CreatedOnToolsVersion = 15.0.1;
						TestTargetID = DBAFC9722B28622700E4A39A;
					};
				};
			};
			buildConfigurationList = DBAFC96E2B28622700E4A39A /* Build configuration list for PBXProject "Counter" */;
			compatibilityVersion = "Xcode 14.0";
			developmentRegion = en;
			hasScannedForEncodings = 0;
			knownRegions = (
				en,
				Base,
			);
			mainGroup = DBAFC96A2B28622700E4A39A;
			productRefGroup = DBAFC9742B28622700E4A39A /* Products */;
			projectDirPath = "";
			projectRoot = "";
			targets = (
				DBAFC9722B28622700E4A39A /* Counter */,
				DBAFC9882B28622800E4A39A /* CounterTests */,
				DBAFC9922B28622800E4A39A /* CounterUITests */,
			);
		};
/* End PBXProject section */

/* Begin PBXResourcesBuildPhase section */
		DBAFC9712B28622700E4A39A /* Resources */ = {
			isa = PBXResourcesBuildPhase;
			buildActionMask = 2147483647;
			files = (
				DBAFC9832B28622800E4A39A /* LaunchScreen.storyboard in Resources */,
				DBAFC9802B28622800E4A39A /* Assets.xcassets in Resources */,
				DBAFC97E2B28622700E4A39A /* Main.storyboard in Resources */,
			);
			runOnlyForDeploymentPostprocessing = 0;
		};
		DBAFC9872B28622800E4A39A /* Resources */ = {
			isa = PBXResourcesBuildPhase;
			buildActionMask = 2147483647;
			files = (
			);
			runOnlyForDeploymentPostprocessing = 0;
		};
		DBAFC9912B28622800E4A39A /* Resources */ = {
			isa = PBXResourcesBuildPhase;
			buildActionMask = 2147483647;
			files = (
			);
			runOnlyForDeploymentPostprocessing = 0;
		};
/* End PBXResourcesBuildPhase section */

/* Begin PBXSourcesBuildPhase section */
		DBAFC96F2B28622700E4A39A /* Sources */ = {
			isa = PBXSourcesBuildPhase;
			buildActionMask = 2147483647;
			files = (
				DBAFC97B2B28622700E4A39A /* ViewController.swift in Sources */,
				DBAFC9772B28622700E4A39A /* AppDelegate.swift in Sources */,
				DBAFC9792B28622700E4A39A /* SceneDelegate.swift in Sources */,
			);
			runOnlyForDeploymentPostprocessing = 0;
		};
		DBAFC9852B28622800E4A39A /* Sources */ = {
			isa = PBXSourcesBuildPhase;
			buildActionMask = 2147483647;
			files = (
				DBAFC98E2B28622800E4A39A /* CounterTests.swift in Sources */,
			);
			runOnlyForDeploymentPostprocessing = 0;
		};
		DBAFC98F2B28622800E4A39A /* Sources */ = {
			isa = PBXSourcesBuildPhase;
			buildActionMask = 2147483647;
			files = (
				DBAFC9982B28622800E4A39A /* CounterUITests.swift in Sources */,
				DBAFC99A2B28622800E4A39A /* CounterUITestsLaunchTests.swift in Sources */,
			);
			runOnlyForDeploymentPostprocessing = 0;
		};
/* End PBXSourcesBuildPhase section */

/* Begin PBXTargetDependency section */
		DBAFC98B2B28622800E4A39A /* PBXTargetDependency */ = {
			isa = PBXTargetDependency;
			target = DBAFC9722B28622700E4A39A /* Counter */;
			targetProxy = DBAFC98A2B28622800E4A39A /* PBXContainerItemProxy */;
		};
		DBAFC9952B28622800E4A39A /* PBXTargetDependency */ = {
			isa = PBXTargetDependency;
			target = DBAFC9722B28622700E4A39A /* Counter */;
			targetProxy = DBAFC9942B28622800E4A39A /* PBXContainerItemProxy */;
		};
/* End PBXTargetDependency section */

/* Begin PBXVariantGroup section */
		DBAFC97C2B28622700E4A39A /* Main.storyboard */ = {
			isa = PBXVariantGroup;
			children = (
				DBAFC97D2B28622700E4A39A /* Base */,
			);
			name = Main.storyboard;
			sourceTree = "<group>";
		};
		DBAFC9812B28622800E4A39A /* LaunchScreen.storyboard */ = {
			isa = PBXVariantGroup;
			children = (
				DBAFC9822B28622800E4A39A /* Base */,
			);
			name = LaunchScreen.storyboard;
			sourceTree = "<group>";
		};
/* End PBXVariantGroup section */

/* Begin XCBuildConfiguration section */
		DBAFC99B2B28622800E4A39A /* Debug */ = {
			isa = XCBuildConfiguration;
			buildSettings = {
				ALWAYS_SEARCH_USER_PATHS = NO;
				ASSETCATALOG_COMPILER_GENERATE_SWIFT_ASSET_SYMBOL_EXTENSIONS = YES;
				CLANG_ANALYZER_NONNULL = YES;
				CLANG_ANALYZER_NUMBER_OBJECT_CONVERSION = YES_AGGRESSIVE;
				CLANG_CXX_LANGUAGE_STANDARD = "gnu++20";
				CLANG_ENABLE_MODULES = YES;
				CLANG_ENABLE_OBJC_ARC = YES;
				CLANG_ENABLE_OBJC_WEAK = YES;
				CLANG_WARN_BLOCK_CAPTURE_AUTORELEASING = YES;
				CLANG_WARN_BOOL_CONVERSION = YES;
				CLANG_WARN_COMMA = YES;
				CLANG_WARN_CONSTANT_CONVERSION = YES;
				CLANG_WARN_DEPRECATED_OBJC_IMPLEMENTATIONS = YES;
				CLANG_WARN_DIRECT_OBJC_ISA_USAGE = YES_ERROR;
				CLANG_WARN_DOCUMENTATION_COMMENTS = YES;
				CLANG_WARN_EMPTY_BODY = YES;
				CLANG_WARN_ENUM_CONVERSION = YES;
				CLANG_WARN_INFINITE_RECURSION = YES;
				CLANG_WARN_INT_CONVERSION = YES;
				CLANG_WARN_NON_LITERAL_NULL_CONVERSION = YES;
				CLANG_WARN_OBJC_IMPLICIT_RETAIN_SELF = YES;
				CLANG_WARN_OBJC_LITERAL_CONVERSION = YES;
				CLANG_WARN_OBJC_ROOT_CLASS = YES_ERROR;
				CLANG_WARN_QUOTED_INCLUDE_IN_FRAMEWORK_HEADER = YES;
				CLANG_WARN_RANGE_LOOP_ANALYSIS = YES;
				CLANG_WARN_STRICT_PROTOTYPES = YES;
				CLANG_WARN_SUSPICIOUS_MOVE = YES;
				CLANG_WARN_UNGUARDED_AVAILABILITY = YES_AGGRESSIVE;
				CLANG_WARN_UNREACHABLE_CODE = YES;
				CLANG_WARN__DUPLICATE_METHOD_MATCH = YES;
				COPY_PHASE_STRIP = NO;
				DEBUG_INFORMATION_FORMAT = dwarf;
				ENABLE_STRICT_OBJC_MSGSEND = YES;
				ENABLE_TESTABILITY = YES;
				ENABLE_USER_SCRIPT_SANDBOXING = YES;
				GCC_C_LANGUAGE_STANDARD = gnu17;
				GCC_DYNAMIC_NO_PIC = NO;
				GCC_NO_COMMON_BLOCKS = YES;
				GCC_OPTIMIZATION_LEVEL = 0;
				GCC_PREPROCESSOR_DEFINITIONS = (
					"DEBUG=1",
					"$(inherited)",
				);
				GCC_WARN_64_TO_32_BIT_CONVERSION = YES;
				GCC_WARN_ABOUT_RETURN_TYPE = YES_ERROR;
				GCC_WARN_UNDECLARED_SELECTOR = YES;
				GCC_WARN_UNINITIALIZED_AUTOS = YES_AGGRESSIVE;
				GCC_WARN_UNUSED_FUNCTION = YES;
				GCC_WARN_UNUSED_VARIABLE = YES;
				IPHONEOS_DEPLOYMENT_TARGET = 17.0;
				LOCALIZATION_PREFERS_STRING_CATALOGS = YES;
				MTL_ENABLE_DEBUG_INFO = INCLUDE_SOURCE;
				MTL_FAST_MATH = YES;
				ONLY_ACTIVE_ARCH = YES;
				SDKROOT = iphoneos;
				SWIFT_ACTIVE_COMPILATION_CONDITIONS = "DEBUG $(inherited)";
				SWIFT_OPTIMIZATION_LEVEL = "-Onone";
			};
			name = Debug;
		};
		DBAFC99C2B28622800E4A39A /* Release */ = {
			isa = XCBuildConfiguration;
			buildSettings = {
				ALWAYS_SEARCH_USER_PATHS = NO;
				ASSETCATALOG_COMPILER_GENERATE_SWIFT_ASSET_SYMBOL_EXTENSIONS = YES;
				CLANG_ANALYZER_NONNULL = YES;
				CLANG_ANALYZER_NUMBER_OBJECT_CONVERSION = YES_AGGRESSIVE;
				CLANG_CXX_LANGUAGE_STANDARD = "gnu++20";
				CLANG_ENABLE_MODULES = YES;
				CLANG_ENABLE_OBJC_ARC = YES;
				CLANG_ENABLE_OBJC_WEAK = YES;
				CLANG_WARN_BLOCK_CAPTURE_AUTORELEASING = YES;
				CLANG_WARN_BOOL_CONVERSION = YES;
				CLANG_WARN_COMMA = YES;
				CLANG_WARN_CONSTANT_CONVERSION = YES;
				CLANG_WARN_DEPRECATED_OBJC_IMPLEMENTATIONS = YES;
				CLANG_WARN_DIRECT_OBJC_ISA_USAGE = YES_ERROR;
				CLANG_WARN_DOCUMENTATION_COMMENTS = YES;
				CLANG_WARN_EMPTY_BODY = YES;
				CLANG_WARN_ENUM_CONVERSION = YES;
				CLANG_WARN_INFINITE_RECURSION = YES;
				CLANG_WARN_INT_CONVERSION = YES;
				CLANG_WARN_NON_LITERAL_NULL_CONVERSION = YES;
				CLANG_WARN_OBJC_IMPLICIT_RETAIN_SELF = YES;
				CLANG_WARN_OBJC_LITERAL_CONVERSION = YES;
				CLANG_WARN_OBJC_ROOT_CLASS = YES_ERROR;
				CLANG_WARN_QUOTED_INCLUDE_IN_FRAMEWORK_HEADER = YES;
				CLANG_WARN_RANGE_LOOP_ANALYSIS = YES;
				CLANG_WARN_STRICT_PROTOTYPES = YES;
				CLANG_WARN_SUSPICIOUS_MOVE = YES;
				CLANG_WARN_UNGUARDED_AVAILABILITY = YES_AGGRESSIVE;
				CLANG_WARN_UNREACHABLE_CODE = YES;
				CLANG_WARN__DUPLICATE_METHOD_MATCH = YES;
				COPY_PHASE_STRIP = NO;
				DEBUG_INFORMATION_FORMAT = "dwarf-with-dsym";
				ENABLE_NS_ASSERTIONS = NO;
				ENABLE_STRICT_OBJC_MSGSEND = YES;
				ENABLE_USER_SCRIPT_SANDBOXING = YES;
				GCC_C_LANGUAGE_STANDARD = gnu17;
				GCC_NO_COMMON_BLOCKS = YES;
				GCC_WARN_64_TO_32_BIT_CONVERSION = YES;
				GCC_WARN_ABOUT_RETURN_TYPE = YES_ERROR;
				GCC_WARN_UNDECLARED_SELECTOR = YES;
				GCC_WARN_UNINITIALIZED_AUTOS = YES_AGGRESSIVE;
				GCC_WARN_UNUSED_FUNCTION = YES;
				GCC_WARN_UNUSED_VARIABLE = YES;
				IPHONEOS_DEPLOYMENT_TARGET = 17.0;
				LOCALIZATION_PREFERS_STRING_CATALOGS = YES;
				MTL_ENABLE_DEBUG_INFO = NO;
				MTL_FAST_MATH = YES;
				SDKROOT = iphoneos;
				SWIFT_COMPILATION_MODE = wholemodule;
				VALIDATE_PRODUCT = YES;
			};
			name = Release;
		};
		DBAFC99E2B28622800E4A39A /* Debug */ = {
			isa = XCBuildConfiguration;
			buildSettings = {
				ASSETCATALOG_COMPILER_APPICON_NAME = AppIcon;
				ASSETCATALOG_COMPILER_GLOBAL_ACCENT_COLOR_NAME = AccentColor;
				CODE_SIGN_STYLE = Automatic;
				CURRENT_PROJECT_VERSION = 1;
				DEVELOPMENT_TEAM = D793X6U63C;
				GENERATE_INFOPLIST_FILE = YES;
				INFOPLIST_FILE = Counter/Info.plist;
				INFOPLIST_KEY_UIApplicationSupportsIndirectInputEvents = YES;
				INFOPLIST_KEY_UILaunchStoryboardName = LaunchScreen;
				INFOPLIST_KEY_UIMainStoryboardFile = Main;
				INFOPLIST_KEY_UISupportedInterfaceOrientations = UIInterfaceOrientationPortrait;
				INFOPLIST_KEY_UISupportedInterfaceOrientations_iPad = "UIInterfaceOrientationLandscapeLeft UIInterfaceOrientationLandscapeRight UIInterfaceOrientationPortrait UIInterfaceOrientationPortraitUpsideDown";
				LD_RUNPATH_SEARCH_PATHS = (
					"$(inherited)",
					"@executable_path/Frameworks",
				);
				MARKETING_VERSION = 1.0;
				PRODUCT_BUNDLE_IDENTIFIER = ru.myappnw.04aas.Counter;
				PRODUCT_NAME = "$(TARGET_NAME)";
				SWIFT_EMIT_LOC_STRINGS = YES;
				SWIFT_VERSION = 5.0;
				TARGETED_DEVICE_FAMILY = "1,2";
			};
			name = Debug;
		};
		DBAFC99F2B28622800E4A39A /* Release */ = {
			isa = XCBuildConfiguration;
			buildSettings = {
				ASSETCATALOG_COMPILER_APPICON_NAME = AppIcon;
				ASSETCATALOG_COMPILER_GLOBAL_ACCENT_COLOR_NAME = AccentColor;
				CODE_SIGN_STYLE = Automatic;
				CURRENT_PROJECT_VERSION = 1;
				DEVELOPMENT_TEAM = D793X6U63C;
				GENERATE_INFOPLIST_FILE = YES;
				INFOPLIST_FILE = Counter/Info.plist;
				INFOPLIST_KEY_UIApplicationSupportsIndirectInputEvents = YES;
				INFOPLIST_KEY_UILaunchStoryboardName = LaunchScreen;
				INFOPLIST_KEY_UIMainStoryboardFile = Main;
				INFOPLIST_KEY_UISupportedInterfaceOrientations = UIInterfaceOrientationPortrait;
				INFOPLIST_KEY_UISupportedInterfaceOrientations_iPad = "UIInterfaceOrientationLandscapeLeft UIInterfaceOrientationLandscapeRight UIInterfaceOrientationPortrait UIInterfaceOrientationPortraitUpsideDown";
				LD_RUNPATH_SEARCH_PATHS = (
					"$(inherited)",
					"@executable_path/Frameworks",
				);
				MARKETING_VERSION = 1.0;
				PRODUCT_BUNDLE_IDENTIFIER = ru.myappnw.04aas.Counter;
				PRODUCT_NAME = "$(TARGET_NAME)";
				SWIFT_EMIT_LOC_STRINGS = YES;
				SWIFT_VERSION = 5.0;
				TARGETED_DEVICE_FAMILY = "1,2";
			};
			name = Release;
		};
		DBAFC9A12B28622800E4A39A /* Debug */ = {
			isa = XCBuildConfiguration;
			buildSettings = {
				ALWAYS_EMBED_SWIFT_STANDARD_LIBRARIES = YES;
				BUNDLE_LOADER = "$(TEST_HOST)";
				CODE_SIGN_STYLE = Automatic;
				CURRENT_PROJECT_VERSION = 1;
				DEVELOPMENT_TEAM = D793X6U63C;
				GENERATE_INFOPLIST_FILE = YES;
				IPHONEOS_DEPLOYMENT_TARGET = 17.0;
				MARKETING_VERSION = 1.0;
				PRODUCT_BUNDLE_IDENTIFIER = ru.myappnw.04aas.CounterTests;
				PRODUCT_NAME = "$(TARGET_NAME)";
				SWIFT_EMIT_LOC_STRINGS = NO;
				SWIFT_VERSION = 5.0;
				TARGETED_DEVICE_FAMILY = "1,2";
				TEST_HOST = "$(BUILT_PRODUCTS_DIR)/Counter.app/$(BUNDLE_EXECUTABLE_FOLDER_PATH)/Counter";
			};
			name = Debug;
		};
		DBAFC9A22B28622800E4A39A /* Release */ = {
			isa = XCBuildConfiguration;
			buildSettings = {
				ALWAYS_EMBED_SWIFT_STANDARD_LIBRARIES = YES;
				BUNDLE_LOADER = "$(TEST_HOST)";
				CODE_SIGN_STYLE = Automatic;
				CURRENT_PROJECT_VERSION = 1;
				DEVELOPMENT_TEAM = D793X6U63C;
				GENERATE_INFOPLIST_FILE = YES;
				IPHONEOS_DEPLOYMENT_TARGET = 17.0;
				MARKETING_VERSION = 1.0;
				PRODUCT_BUNDLE_IDENTIFIER = ru.myappnw.04aas.CounterTests;
				PRODUCT_NAME = "$(TARGET_NAME)";
				SWIFT_EMIT_LOC_STRINGS = NO;
				SWIFT_VERSION = 5.0;
				TARGETED_DEVICE_FAMILY = "1,2";
				TEST_HOST = "$(BUILT_PRODUCTS_DIR)/Counter.app/$(BUNDLE_EXECUTABLE_FOLDER_PATH)/Counter";
			};
			name = Release;
		};
		DBAFC9A42B28622800E4A39A /* Debug */ = {
			isa = XCBuildConfiguration;
			buildSettings = {
				ALWAYS_EMBED_SWIFT_STANDARD_LIBRARIES = YES;
				CODE_SIGN_STYLE = Automatic;
				CURRENT_PROJECT_VERSION = 1;
				DEVELOPMENT_TEAM = D793X6U63C;
				GENERATE_INFOPLIST_FILE = YES;
				MARKETING_VERSION = 1.0;
				PRODUCT_BUNDLE_IDENTIFIER = ru.myappnw.04aas.CounterUITests;
				PRODUCT_NAME = "$(TARGET_NAME)";
				SWIFT_EMIT_LOC_STRINGS = NO;
				SWIFT_VERSION = 5.0;
				TARGETED_DEVICE_FAMILY = "1,2";
				TEST_TARGET_NAME = Counter;
			};
			name = Debug;
		};
		DBAFC9A52B28622800E4A39A /* Release */ = {
			isa = XCBuildConfiguration;
			buildSettings = {
				ALWAYS_EMBED_SWIFT_STANDARD_LIBRARIES = YES;
				CODE_SIGN_STYLE = Automatic;
				CURRENT_PROJECT_VERSION = 1;
				DEVELOPMENT_TEAM = D793X6U63C;
				GENERATE_INFOPLIST_FILE = YES;
				MARKETING_VERSION = 1.0;
				PRODUCT_BUNDLE_IDENTIFIER = ru.myappnw.04aas.CounterUITests;
				PRODUCT_NAME = "$(TARGET_NAME)";
				SWIFT_EMIT_LOC_STRINGS = NO;
				SWIFT_VERSION = 5.0;
				TARGETED_DEVICE_FAMILY = "1,2";
				TEST_TARGET_NAME = Counter;
			};
			name = Release;
		};
/* End XCBuildConfiguration section */

/* Begin XCConfigurationList section */
		DBAFC96E2B28622700E4A39A /* Build configuration list for PBXProject "Counter" */ = {
			isa = XCConfigurationList;
			buildConfigurations = (
				DBAFC99B2B28622800E4A39A /* Debug */,
				DBAFC99C2B28622800E4A39A /* Release */,
			);
			defaultConfigurationIsVisible = 0;
			defaultConfigurationName = Release;
		};
		DBAFC99D2B28622800E4A39A /* Build configuration list for PBXNativeTarget "Counter" */ = {
			isa = XCConfigurationList;
			buildConfigurations = (
				DBAFC99E2B28622800E4A39A /* Debug */,
				DBAFC99F2B28622800E4A39A /* Release */,
			);
			defaultConfigurationIsVisible = 0;
			defaultConfigurationName = Release;
		};
		DBAFC9A02B28622800E4A39A /* Build configuration list for PBXNativeTarget "CounterTests" */ = {
			isa = XCConfigurationList;
			buildConfigurations = (
				DBAFC9A12B28622800E4A39A /* Debug */,
				DBAFC9A22B28622800E4A39A /* Release */,
			);
			defaultConfigurationIsVisible = 0;
			defaultConfigurationName = Release;
		};
		DBAFC9A32B28622800E4A39A /* Build configuration list for PBXNativeTarget "CounterUITests" */ = {
			isa = XCConfigurationList;
			buildConfigurations = (
				DBAFC9A42B28622800E4A39A /* Debug */,
				DBAFC9A52B28622800E4A39A /* Release */,
			);
			defaultConfigurationIsVisible = 0;
			defaultConfigurationName = Release;
		};
/* End XCConfigurationList section */
	};
	rootObject = DBAFC96B2B28622700E4A39A /* Project object */;
}
